
Microsoft Visual Studio Solution File, Format Version 12.00
# Visual Studio Version 17
VisualStudioVersion = 17.10.34902.84
MinimumVisualStudioVersion = 10.0.40219.1
Project("{9A19103F-16F7-4668-BE54-9A1E7A4F7556}") = "kyokumariPlugin", "kyokumariPlugin.csproj", "{2C30D8AC-E0FC-4A20-AD0C-7DD160FCB7B9}"
EndProject
Global
	GlobalSection(SolutionConfigurationPlatforms) = preSolution
		Debug|Any CPU = Debug|Any CPU
		Release|Any CPU = Release|Any CPU
	EndGlobalSection
	GlobalSection(ProjectConfigurationPlatforms) = postSolution
		{2C30D8AC-E0FC-4A20-AD0C-7DD160FCB7B9}.Debug|Any CPU.ActiveCfg = Debug|Any CPU
		{2C30D8AC-E0FC-4A20-AD0C-7DD160FCB7B9}.Debug|Any CPU.Build.0 = Debug|Any CPU
		{2C30D8AC-E0FC-4A20-AD0C-7DD160FCB7B9}.Release|Any CPU.ActiveCfg = Release|Any CPU
		{2C30D8AC-E0FC-4A20-AD0C-7DD160FCB7B9}.Release|Any CPU.Build.0 = Release|Any CPU
	EndGlobalSection
	GlobalSection(SolutionProperties) = preSolution
		HideSolutionNode = FALSE
	EndGlobalSection
	GlobalSection(ExtensibilityGlobals) = postSolution
		SolutionGuid = {FBC7DC82-87B5-479E-B033-FDD0BE98A9FC}
	EndGlobalSection
EndGlobal
